Microsoft Visual Studio Solution File, Format Version 12.00
# Visual Studio Version 17
VisualStudioVersion = 17.5.2.0
MinimumVisualStudioVersion = 10.0.40219.1
Project("{FAE04EC0-301F-11D3-BF4B-00C04F79EFBC}") = "RealEstateBank", "RealEstateBank.csproj", "{C0D0E118-762F-49AA-CF3F-BB29B20580B1}"
EndProject
Global
	GlobalSection(SolutionConfigurationPlatforms) = preSolution
		Debug|Any CPU = Debug|Any CPU
		Release|Any CPU = Release|Any CPU
	EndGlobalSection
	GlobalSection(ProjectConfigurationPlatforms) = postSolution
		{C0D0E118-762F-49AA-CF3F-BB29B20580B1}.Debug|Any CPU.ActiveCfg = Debug|Any CPU
		{C0D0E118-762F-49AA-CF3F-BB29B20580B1}.Debug|Any CPU.Build.0 = Debug|Any CPU
		{C0D0E118-762F-49AA-CF3F-BB29B20580B1}.Release|Any CPU.ActiveCfg = Release|Any CPU
		{C0D0E118-762F-49AA-CF3F-BB29B20580B1}.Release|Any CPU.Build.0 = Release|Any CPU
	EndGlobalSection
	GlobalSection(SolutionProperties) = preSolution
		HideSolutionNode = FALSE
	EndGlobalSection
	GlobalSection(ExtensibilityGlobals) = postSolution
		SolutionGuid = {1332EFD4-2761-417F-BF1C-252714793409}
	EndGlobalSection
EndGlobal
